
Microsoft Visual Studio Solution File, Format Version 12.00
Project("{FAE04EC0-301F-11D3-BF4B-00C04F79EFBC}") = "Miles95APIV2", "Miles95APIV2\Miles95APIV2.csproj", "{3E0382DC-C250-46E9-930D-C5C8886BD0F6}"
EndProject
Global
	GlobalSection(SolutionConfigurationPlatforms) = preSolution
		Debug|Any CPU = Debug|Any CPU
		Release|Any CPU = Release|Any CPU
	EndGlobalSection
	GlobalSection(ProjectConfigurationPlatforms) = postSolution
		{3E0382DC-C250-46E9-930D-C5C8886BD0F6}.Debug|Any CPU.ActiveCfg = Debug|Any CPU
		{3E0382DC-C250-46E9-930D-C5C8886BD0F6}.Debug|Any CPU.Build.0 = Debug|Any CPU
		{3E0382DC-C250-46E9-930D-C5C8886BD0F6}.Release|Any CPU.ActiveCfg = Release|Any CPU
		{3E0382DC-C250-46E9-930D-C5C8886BD0F6}.Release|Any CPU.Build.0 = Release|Any CPU
	EndGlobalSection
EndGlobal
